<?xml version="1.0" encoding="utf-8"?>
<Project ToolsVersion="4.0" xmlns="http://schemas.microsoft.com/developer/msbuild/2003">
  <ItemGroup>
    <ClInclude Include="include\gl\glext.h">
      <Filter>include</Filter>
    </ClInclude>
    <ClInclude Include="include\gl\glxext.h">
      <Filter>include</Filter>
    </ClInclude>
    <ClInclude Include="include\gl\wglext.h">
      <Filter>include</Filter>
    </ClInclude>
  </ItemGroup>
  <ItemGroup>
    <Filter Include="include">
      <UniqueIdentifier>{4762a7bd-7e81-4b45-8bbf-47bc240009f3}</UniqueIdentifier>
    </Filter>
  </ItemGroup>
</Project>