<?xml version="1.0" encoding="utf-8"?>
<Project ToolsVersion="4.0" xmlns="http://schemas.microsoft.com/developer/msbuild/2003">
  <ItemGroup>
    <Filter Include="include">
      <UniqueIdentifier>{93995380-89BD-4b04-88EB-625FBE52EBFB}</UniqueIdentifier>
      <Extensions>h;hh;hpp;hxx;hm;inl;inc;ipp;xsd</Extensions>
    </Filter>
    <Filter Include="src">
      <UniqueIdentifier>{4FC737F1-C7A5-4376-A066-2A32D752A2FF}</UniqueIdentifier>
      <Extensions>cpp;c;cc;cxx;def;odl;idl;hpj;bat;asm;asmx</Extensions>
    </Filter>
    <Filter Include="src\header">
      <UniqueIdentifier>{915e155b-9457-473e-97eb-a1acb0df370f}</UniqueIdentifier>
    </Filter>
    <Filter Include="src\source">
      <UniqueIdentifier>{653a10f6-7391-48e5-aacf-16b900ccd9cb}</UniqueIdentifier>
    </Filter>
  </ItemGroup>
  <ItemGroup>
    <ClInclude Include="include\automata\input.h">
      <Filter>include</Filter>
    </ClInclude>
    <ClInclude Include="src\internal_windows.h">
      <Filter>src\header</Filter>
    </ClInclude>
  </ItemGroup>
  <ItemGroup>
    <ClCompile Include="src\input.c">
      <Filter>src\source</Filter>
    </ClCompile>
    <ClCompile Include="src\internal_windows.c">
      <Filter>src\source</Filter>
    </ClCompile>
  </ItemGroup>
</Project>