<?xml version="1.0" encoding="utf-8"?>
<Project ToolsVersion="4.0" xmlns="http://schemas.microsoft.com/developer/msbuild/2003">
  <ItemGroup>
    <ClInclude Include="include\glad\glad.h">
      <Filter>include\glad</Filter>
    </ClInclude>
    <ClInclude Include="include\KHR\khrplatform.h">
      <Filter>include\KHR</Filter>
    </ClInclude>
  </ItemGroup>
  <ItemGroup>
    <Filter Include="include">
      <UniqueIdentifier>{e8765700-eeb3-4ebe-855b-834a5b4c56d9}</UniqueIdentifier>
    </Filter>
    <Filter Include="include\glad">
      <UniqueIdentifier>{729aec70-2b20-4763-a50a-ab40f4d1411e}</UniqueIdentifier>
    </Filter>
    <Filter Include="include\KHR">
      <UniqueIdentifier>{8dcf1c1a-7cf5-46b7-ad3c-523a54e68830}</UniqueIdentifier>
    </Filter>
    <Filter Include="src">
      <UniqueIdentifier>{e7961fc5-a527-4be2-b3b9-6ccb0d53f3ac}</UniqueIdentifier>
    </Filter>
  </ItemGroup>
  <ItemGroup>
    <ClCompile Include="src\glad.c">
      <Filter>src</Filter>
    </ClCompile>
  </ItemGroup>
</Project>